
Microsoft Visual Studio Solution File, Format Version 12.00
# Visual Studio Version 16
VisualStudioVersion = 16.0.35325.158
MinimumVisualStudioVersion = 10.0.40219.1
Project("{FAE04EC0-301F-11D3-BF4B-00C04F79EFBC}") = "GroceryWorld", "GroceryWorld\GroceryWorld.csproj", "{EEC66A1E-7ADF-4388-AFE6-423E5BAFAC15}"
EndProject
Global
	GlobalSection(SolutionConfigurationPlatforms) = preSolution
		Debug|Any CPU = Debug|Any CPU
		Release|Any CPU = Release|Any CPU
	EndGlobalSection
	GlobalSection(ProjectConfigurationPlatforms) = postSolution
		{EEC66A1E-7ADF-4388-AFE6-423E5BAFAC15}.Debug|Any CPU.ActiveCfg = Debug|Any CPU
		{EEC66A1E-7ADF-4388-AFE6-423E5BAFAC15}.Debug|Any CPU.Build.0 = Debug|Any CPU
		{EEC66A1E-7ADF-4388-AFE6-423E5BAFAC15}.Release|Any CPU.ActiveCfg = Release|Any CPU
		{EEC66A1E-7ADF-4388-AFE6-423E5BAFAC15}.Release|Any CPU.Build.0 = Release|Any CPU
	EndGlobalSection
	GlobalSection(SolutionProperties) = preSolution
		HideSolutionNode = FALSE
	EndGlobalSection
	GlobalSection(ExtensibilityGlobals) = postSolution
		SolutionGuid = {AC63DFE9-289F-41BE-B7E0-715885F2FA56}
	EndGlobalSection
EndGlobal
